{
  "version": "2",
  "remote": {},
  "npm": {
    "specifiers": {
      "claude-ai@1.2.0": "claude-ai@1.2.0"
    },
    "packages": {
      "claude-ai@1.2.0": {
        "integrity": "sha512-e/JfrElavlp3qVL8tEDDUN53akW4FbKarRv9peoEQNy77HnvbMgA8IN++q5skr/2XsRI6TzeLmO+cWPDcg6dkg==",
        "dependencies": {
          "isomorphic-fetch": "isomorphic-fetch@3.0.0"
        }
      },
      "isomorphic-fetch@3.0.0": {
        "integrity": "sha512-qvUtwJ3j6qwsF3jLxkZ72qCgjMysPzDfeV240JHiGZsANBYd+EEuu35v7dfrJ9Up0Ak07D7GGSkGhCHTqg/5wA==",
        "dependencies": {
          "node-fetch": "node-fetch@2.6.12",
          "whatwg-fetch": "whatwg-fetch@3.6.16"
        }
      },
      "node-fetch@2.6.12": {
        "integrity": "sha512-C/fGU2E8ToujUivIO0H+tpQ6HWo4eEmchoPIoXtxCrVghxdKq+QOHqEZW7tuP3KlV3bC8FRMO5nMCC7Zm1VP6g==",
        "dependencies": {
          "whatwg-url": "whatwg-url@5.0.0"
        }
      },
      "tr46@0.0.3": {
        "integrity": "sha512-N3WMsuqV66lT30CrXNbEjx4GEwlow3v6rr4mCcv6prnfwhS01rkgyFdjPNBYd9br7LpXV1+Emh01fHnq2Gdgrw==",
        "dependencies": {}
      },
      "webidl-conversions@3.0.1": {
        "integrity": "sha512-2JAn3z8AR6rjK8Sm8orRC0h/bcl/DqL7tRPdGZ4I1CjdF+EaMLmYxBHyXuKL849eucPFhvBoxMsflfOb8kxaeQ==",
        "dependencies": {}
      },
      "whatwg-fetch@3.6.16": {
        "integrity": "sha512-83avoGbZ0qtjtNrU3UTT3/Xd3uZ7DyfSYLuc1fL5iYs+93P+UkIVF6/6xpRVWeQcvbc7kSnVybSAVbd6QFW5Fg==",
        "dependencies": {}
      },
      "whatwg-url@5.0.0": {
        "integrity": "sha512-saE57nupxk6v3HY35+jzBwYa0rKSy0XR8JSxZPwgLr7ys0IBzhGviA1/TUGJLmSVqs8pb9AnvICXEuOHLprYTw==",
        "dependencies": {
          "tr46": "tr46@0.0.3",
          "webidl-conversions": "webidl-conversions@3.0.1"
        }
      }
    }
  }
}
